
Microsoft Visual Studio Solution File, Format Version 12.00
# Visual Studio 14
VisualStudioVersion = 14.0.25420.1
MinimumVisualStudioVersion = 10.0.40219.1
Project("{2150E333-8FDC-42A3-9474-1A3956D46DE8}") = "02.엔진", "02.엔진", "{644470BD-AB1A-49DD-9BB7-13598865333A}"
EndProject
Project("{8BC9CEB8-8B4A-11D0-8D11-00A0C91BC942}") = "Client", "Client\Default\Client.vcxproj", "{70161BBA-0962-406F-96C6-E89F92B2AA1A}"
	ProjectSection(ProjectDependencies) = postProject
		{C5664D33-DF9E-4EF5-B3CA-E1B9C37D10D7} = {C5664D33-DF9E-4EF5-B3CA-E1B9C37D10D7}
	EndProjectSection
EndProject
Project("{2150E333-8FDC-42A3-9474-1A3956D46DE8}") = "03.베이스", "03.베이스", "{4F000C9E-AD7A-4EFA-B36B-93A446FC5FC5}"
	ProjectSection(SolutionItems) = preProject
		Base\Base.h = Base\Base.h
		Base\Base.inl = Base\Base.inl
	EndProjectSection
EndProject
Project("{8BC9CEB8-8B4A-11D0-8D11-00A0C91BC942}") = "Engine", "Engine\Default\Engine.vcxproj", "{C5664D33-DF9E-4EF5-B3CA-E1B9C37D10D7}"
EndProject
Global
	GlobalSection(SolutionConfigurationPlatforms) = preSolution
		Debug|x64 = Debug|x64
		Debug|x86 = Debug|x86
		Release|x64 = Release|x64
		Release|x86 = Release|x86
	EndGlobalSection
	GlobalSection(ProjectConfigurationPlatforms) = postSolution
		{70161BBA-0962-406F-96C6-E89F92B2AA1A}.Debug|x64.ActiveCfg = Debug|x64
		{70161BBA-0962-406F-96C6-E89F92B2AA1A}.Debug|x64.Build.0 = Debug|x64
		{70161BBA-0962-406F-96C6-E89F92B2AA1A}.Debug|x86.ActiveCfg = Debug|Win32
		{70161BBA-0962-406F-96C6-E89F92B2AA1A}.Debug|x86.Build.0 = Debug|Win32
		{70161BBA-0962-406F-96C6-E89F92B2AA1A}.Release|x64.ActiveCfg = Release|x64
		{70161BBA-0962-406F-96C6-E89F92B2AA1A}.Release|x64.Build.0 = Release|x64
		{70161BBA-0962-406F-96C6-E89F92B2AA1A}.Release|x86.ActiveCfg = Release|Win32
		{70161BBA-0962-406F-96C6-E89F92B2AA1A}.Release|x86.Build.0 = Release|Win32
		{C5664D33-DF9E-4EF5-B3CA-E1B9C37D10D7}.Debug|x64.ActiveCfg = Debug|x64
		{C5664D33-DF9E-4EF5-B3CA-E1B9C37D10D7}.Debug|x64.Build.0 = Debug|x64
		{C5664D33-DF9E-4EF5-B3CA-E1B9C37D10D7}.Debug|x86.ActiveCfg = Debug|Win32
		{C5664D33-DF9E-4EF5-B3CA-E1B9C37D10D7}.Debug|x86.Build.0 = Debug|Win32
		{C5664D33-DF9E-4EF5-B3CA-E1B9C37D10D7}.Release|x64.ActiveCfg = Release|x64
		{C5664D33-DF9E-4EF5-B3CA-E1B9C37D10D7}.Release|x64.Build.0 = Release|x64
		{C5664D33-DF9E-4EF5-B3CA-E1B9C37D10D7}.Release|x86.ActiveCfg = Release|Win32
		{C5664D33-DF9E-4EF5-B3CA-E1B9C37D10D7}.Release|x86.Build.0 = Release|Win32
	EndGlobalSection
	GlobalSection(SolutionProperties) = preSolution
		HideSolutionNode = FALSE
	EndGlobalSection
	GlobalSection(NestedProjects) = preSolution
		{C5664D33-DF9E-4EF5-B3CA-E1B9C37D10D7} = {644470BD-AB1A-49DD-9BB7-13598865333A}
	EndGlobalSection
EndGlobal
